
Microsoft Visual Studio Solution File, Format Version 12.00
# Visual Studio Version 17
VisualStudioVersion = 17.0.31919.166
MinimumVisualStudioVersion = 10.0.40219.1
Project("{9A19103F-16F7-4668-BE54-9A1E7A4F7556}") = "DesignPatterns_CSharp", "DesignPatterns_CSharp.csproj", "{4EA926AB-DCF9-4A67-AB3F-EEA33DDA57E0}"
EndProject
Global
	GlobalSection(SolutionConfigurationPlatforms) = preSolution
		Debug|Any CPU = Debug|Any CPU
		Release|Any CPU = Release|Any CPU
	EndGlobalSection
	GlobalSection(ProjectConfigurationPlatforms) = postSolution
		{4EA926AB-DCF9-4A67-AB3F-EEA33DDA57E0}.Debug|Any CPU.ActiveCfg = Debug|Any CPU
		{4EA926AB-DCF9-4A67-AB3F-EEA33DDA57E0}.Debug|Any CPU.Build.0 = Debug|Any CPU
		{4EA926AB-DCF9-4A67-AB3F-EEA33DDA57E0}.Release|Any CPU.ActiveCfg = Release|Any CPU
		{4EA926AB-DCF9-4A67-AB3F-EEA33DDA57E0}.Release|Any CPU.Build.0 = Release|Any CPU
	EndGlobalSection
	GlobalSection(SolutionProperties) = preSolution
		HideSolutionNode = FALSE
	EndGlobalSection
	GlobalSection(ExtensibilityGlobals) = postSolution
		SolutionGuid = {5DCA2214-D5C0-495D-B2A6-EA70F50D5747}
	EndGlobalSection
EndGlobal
